
Microsoft Visual Studio Solution File, Format Version 12.00
# Visual Studio Version 16
VisualStudioVersion = 16.0.31019.35
MinimumVisualStudioVersion = 10.0.40219.1
Project("{9A19103F-16F7-4668-BE54-9A1E7A4F7556}") = "API.W", "API.W\API.W.csproj", "{C0F85D5D-BFDD-4F0B-9F54-73A82620DD27}"
EndProject
Project("{9A19103F-16F7-4668-BE54-9A1E7A4F7556}") = "API", "API\API.csproj", "{1827C6D7-F77E-4DFE-926C-6B1E74190CE0}"
EndProject
Project("{9A19103F-16F7-4668-BE54-9A1E7A4F7556}") = "BS", "BS\BS.csproj", "{65CABB31-C03E-4045-8AA6-5288EC04C972}"
EndProject
Project("{9A19103F-16F7-4668-BE54-9A1E7A4F7556}") = "DAL", "DAL\DAL.csproj", "{86367B26-0D82-4B93-9B68-65E4224360D7}"
EndProject
Project("{9A19103F-16F7-4668-BE54-9A1E7A4F7556}") = "DAL.DO", "DAL.DO\DAL.DO.csproj", "{7B50E332-9D8F-4928-AADB-C691E6C6B6C6}"
EndProject
Project("{9A19103F-16F7-4668-BE54-9A1E7A4F7556}") = "DAL.EF", "DAL.EF\DAL.EF.csproj", "{5116D225-5CF2-4731-97F2-2019BD8B139C}"
EndProject
Project("{9A19103F-16F7-4668-BE54-9A1E7A4F7556}") = "DAL.Repository", "DAL.Repository\DAL.Repository.csproj", "{A86DC4A6-2ACA-4568-BEAD-429008C61923}"
EndProject
Global
	GlobalSection(SolutionConfigurationPlatforms) = preSolution
		Debug|Any CPU = Debug|Any CPU
		Release|Any CPU = Release|Any CPU
	EndGlobalSection
	GlobalSection(ProjectConfigurationPlatforms) = postSolution
		{C0F85D5D-BFDD-4F0B-9F54-73A82620DD27}.Debug|Any CPU.ActiveCfg = Debug|Any CPU
		{C0F85D5D-BFDD-4F0B-9F54-73A82620DD27}.Debug|Any CPU.Build.0 = Debug|Any CPU
		{C0F85D5D-BFDD-4F0B-9F54-73A82620DD27}.Release|Any CPU.ActiveCfg = Release|Any CPU
		{C0F85D5D-BFDD-4F0B-9F54-73A82620DD27}.Release|Any CPU.Build.0 = Release|Any CPU
		{1827C6D7-F77E-4DFE-926C-6B1E74190CE0}.Debug|Any CPU.ActiveCfg = Debug|Any CPU
		{1827C6D7-F77E-4DFE-926C-6B1E74190CE0}.Debug|Any CPU.Build.0 = Debug|Any CPU
		{1827C6D7-F77E-4DFE-926C-6B1E74190CE0}.Release|Any CPU.ActiveCfg = Release|Any CPU
		{1827C6D7-F77E-4DFE-926C-6B1E74190CE0}.Release|Any CPU.Build.0 = Release|Any CPU
		{65CABB31-C03E-4045-8AA6-5288EC04C972}.Debug|Any CPU.ActiveCfg = Debug|Any CPU
		{65CABB31-C03E-4045-8AA6-5288EC04C972}.Debug|Any CPU.Build.0 = Debug|Any CPU
		{65CABB31-C03E-4045-8AA6-5288EC04C972}.Release|Any CPU.ActiveCfg = Release|Any CPU
		{65CABB31-C03E-4045-8AA6-5288EC04C972}.Release|Any CPU.Build.0 = Release|Any CPU
		{86367B26-0D82-4B93-9B68-65E4224360D7}.Debug|Any CPU.ActiveCfg = Debug|Any CPU
		{86367B26-0D82-4B93-9B68-65E4224360D7}.Debug|Any CPU.Build.0 = Debug|Any CPU
		{86367B26-0D82-4B93-9B68-65E4224360D7}.Release|Any CPU.ActiveCfg = Release|Any CPU
		{86367B26-0D82-4B93-9B68-65E4224360D7}.Release|Any CPU.Build.0 = Release|Any CPU
		{7B50E332-9D8F-4928-AADB-C691E6C6B6C6}.Debug|Any CPU.ActiveCfg = Debug|Any CPU
		{7B50E332-9D8F-4928-AADB-C691E6C6B6C6}.Debug|Any CPU.Build.0 = Debug|Any CPU
		{7B50E332-9D8F-4928-AADB-C691E6C6B6C6}.Release|Any CPU.ActiveCfg = Release|Any CPU
		{7B50E332-9D8F-4928-AADB-C691E6C6B6C6}.Release|Any CPU.Build.0 = Release|Any CPU
		{5116D225-5CF2-4731-97F2-2019BD8B139C}.Debug|Any CPU.ActiveCfg = Debug|Any CPU
		{5116D225-5CF2-4731-97F2-2019BD8B139C}.Debug|Any CPU.Build.0 = Debug|Any CPU
		{5116D225-5CF2-4731-97F2-2019BD8B139C}.Release|Any CPU.ActiveCfg = Release|Any CPU
		{5116D225-5CF2-4731-97F2-2019BD8B139C}.Release|Any CPU.Build.0 = Release|Any CPU
		{A86DC4A6-2ACA-4568-BEAD-429008C61923}.Debug|Any CPU.ActiveCfg = Debug|Any CPU
		{A86DC4A6-2ACA-4568-BEAD-429008C61923}.Debug|Any CPU.Build.0 = Debug|Any CPU
		{A86DC4A6-2ACA-4568-BEAD-429008C61923}.Release|Any CPU.ActiveCfg = Release|Any CPU
		{A86DC4A6-2ACA-4568-BEAD-429008C61923}.Release|Any CPU.Build.0 = Release|Any CPU
	EndGlobalSection
	GlobalSection(SolutionProperties) = preSolution
		HideSolutionNode = FALSE
	EndGlobalSection
	GlobalSection(ExtensibilityGlobals) = postSolution
		SolutionGuid = {DB4C6732-0F6F-4209-9E5B-9FD390BF73B7}
	EndGlobalSection
EndGlobal
